
Microsoft Visual Studio Solution File, Format Version 12.00
# Visual Studio Version 16
VisualStudioVersion = 16.0.31019.35
MinimumVisualStudioVersion = 10.0.40219.1
Project("{FAE04EC0-301F-11D3-BF4B-00C04F79EFBC}") = "task-7-salary-tracker", "task-7-salary-tracker.csproj", "{1F8F270F-9DED-46EF-BAB4-AE4063196039}"
EndProject
Global
	GlobalSection(SolutionConfigurationPlatforms) = preSolution
		Debug|Any CPU = Debug|Any CPU
		Release|Any CPU = Release|Any CPU
	EndGlobalSection
	GlobalSection(ProjectConfigurationPlatforms) = postSolution
		{1F8F270F-9DED-46EF-BAB4-AE4063196039}.Debug|Any CPU.ActiveCfg = Debug|Any CPU
		{1F8F270F-9DED-46EF-BAB4-AE4063196039}.Debug|Any CPU.Build.0 = Debug|Any CPU
		{1F8F270F-9DED-46EF-BAB4-AE4063196039}.Release|Any CPU.ActiveCfg = Release|Any CPU
		{1F8F270F-9DED-46EF-BAB4-AE4063196039}.Release|Any CPU.Build.0 = Release|Any CPU
	EndGlobalSection
	GlobalSection(SolutionProperties) = preSolution
		HideSolutionNode = FALSE
	EndGlobalSection
	GlobalSection(ExtensibilityGlobals) = postSolution
		SolutionGuid = {C3E769BA-E35C-4335-BF79-CF6562CFA0A0}
	EndGlobalSection
EndGlobal
